
Microsoft Visual Studio Solution File, Format Version 12.00
# Visual Studio 15
VisualStudioVersion = 15.0.27703.2035
MinimumVisualStudioVersion = 10.0.40219.1
Project("{F184B08F-C81C-45F6-A57F-5ABD9991F28F}") = "NN02", "NN02.vbproj", "{D5F7F699-0730-4435-A646-5D8F53E8B8F5}"
EndProject
Global
	GlobalSection(SolutionConfigurationPlatforms) = preSolution
		Debug|Any CPU = Debug|Any CPU
		Release|Any CPU = Release|Any CPU
	EndGlobalSection
	GlobalSection(ProjectConfigurationPlatforms) = postSolution
		{D5F7F699-0730-4435-A646-5D8F53E8B8F5}.Debug|Any CPU.ActiveCfg = Debug|Any CPU
		{D5F7F699-0730-4435-A646-5D8F53E8B8F5}.Debug|Any CPU.Build.0 = Debug|Any CPU
		{D5F7F699-0730-4435-A646-5D8F53E8B8F5}.Release|Any CPU.ActiveCfg = Release|Any CPU
		{D5F7F699-0730-4435-A646-5D8F53E8B8F5}.Release|Any CPU.Build.0 = Release|Any CPU
	EndGlobalSection
	GlobalSection(SolutionProperties) = preSolution
		HideSolutionNode = FALSE
	EndGlobalSection
	GlobalSection(ExtensibilityGlobals) = postSolution
		SolutionGuid = {C81B966F-8385-4667-844E-F7F93713FEE7}
	EndGlobalSection
EndGlobal
